
Microsoft Visual Studio Solution File, Format Version 12.00
# Visual Studio Version 17
VisualStudioVersion = 17.1.32328.378
MinimumVisualStudioVersion = 10.0.40219.1
Project("{8BC9CEB8-8B4A-11D0-8D11-00A0C91BC942}") = "CppMultiProjectTemplate", "CppMultiProjectTemplate\CppMultiProjectTemplate.vcxproj", "{0137C431-F6ED-4A66-BC8F-49D08B44659A}"
EndProject
Project("{8BC9CEB8-8B4A-11D0-8D11-00A0C91BC942}") = "MyStaticLibrary", "MyStaticLibrary\MyStaticLibrary.vcxproj", "{A3D36490-1305-4C80-A99B-5BC29823027D}"
EndProject
Global
	GlobalSection(SolutionConfigurationPlatforms) = preSolution
		Debug|x64 = Debug|x64
		Debug|x86 = Debug|x86
		Release|x64 = Release|x64
		Release|x86 = Release|x86
	EndGlobalSection
	GlobalSection(ProjectConfigurationPlatforms) = postSolution
		{0137C431-F6ED-4A66-BC8F-49D08B44659A}.Debug|x64.ActiveCfg = Debug|x64
		{0137C431-F6ED-4A66-BC8F-49D08B44659A}.Debug|x64.Build.0 = Debug|x64
		{0137C431-F6ED-4A66-BC8F-49D08B44659A}.Debug|x86.ActiveCfg = Debug|Win32
		{0137C431-F6ED-4A66-BC8F-49D08B44659A}.Debug|x86.Build.0 = Debug|Win32
		{0137C431-F6ED-4A66-BC8F-49D08B44659A}.Release|x64.ActiveCfg = Release|x64
		{0137C431-F6ED-4A66-BC8F-49D08B44659A}.Release|x64.Build.0 = Release|x64
		{0137C431-F6ED-4A66-BC8F-49D08B44659A}.Release|x86.ActiveCfg = Release|Win32
		{0137C431-F6ED-4A66-BC8F-49D08B44659A}.Release|x86.Build.0 = Release|Win32
		{A3D36490-1305-4C80-A99B-5BC29823027D}.Debug|x64.ActiveCfg = Debug|x64
		{A3D36490-1305-4C80-A99B-5BC29823027D}.Debug|x64.Build.0 = Debug|x64
		{A3D36490-1305-4C80-A99B-5BC29823027D}.Debug|x86.ActiveCfg = Debug|Win32
		{A3D36490-1305-4C80-A99B-5BC29823027D}.Debug|x86.Build.0 = Debug|Win32
		{A3D36490-1305-4C80-A99B-5BC29823027D}.Release|x64.ActiveCfg = Release|x64
		{A3D36490-1305-4C80-A99B-5BC29823027D}.Release|x64.Build.0 = Release|x64
		{A3D36490-1305-4C80-A99B-5BC29823027D}.Release|x86.ActiveCfg = Release|Win32
		{A3D36490-1305-4C80-A99B-5BC29823027D}.Release|x86.Build.0 = Release|Win32
	EndGlobalSection
	GlobalSection(SolutionProperties) = preSolution
		HideSolutionNode = FALSE
	EndGlobalSection
	GlobalSection(ExtensibilityGlobals) = postSolution
		SolutionGuid = {971ED8F4-4B39-459A-8ED8-B31F78FE2198}
	EndGlobalSection
EndGlobal
